{
    "_readme": [
        "This file locks the dependencies of your project to a known state",
        "Read more about it at https://getcomposer.org/doc/01-basic-usage.md#composer-lock-the-lock-file",
        "This file is @generated automatically"
    ],
    "content-hash": "ca867215aa678d633744d70e71a803aa",
    "packages": [
        {
            "name": "heige/hg-php",
            "version": "1.0.0",
            "source": {
                "type": "git",
                "url": "https://github.com/daheige/HgPhp.git",
                "reference": "abf494f35e8aabd89d9077cc8f565c07ebff5740"
            },
            "dist": {
                "type": "zip",
                "url": "https://files.phpcomposer.com/files/daheige/HgPhp/abf494f35e8aabd89d9077cc8f565c07ebff5740.zip",
                "reference": "abf494f35e8aabd89d9077cc8f565c07ebff5740",
                "shasum": ""
            },
            "type": "library",
            "notification-url": "https://packagist.org/downloads/",
            "license": [
                "MIT"
            ],
            "authors": [
                {
                    "name": "daheige",
                    "email": "zhuwei313@hotmail.com"
                }
            ],
            "description": "hg-php framework based tp3.2 + slim2.6 + laravel routing mechanism to build the tp-mvc framework for api, web development",
            "time": "2018-01-06T04:24:48+00:00"
        }
    ],
    "packages-dev": [],
    "aliases": [],
    "minimum-stability": "stable",
    "stability-flags": [],
    "prefer-stable": false,
    "prefer-lowest": false,
    "platform": {
        "php": ">=5.4.0"
    },
    "platform-dev": []
}
